<?xml version="1.0" encoding="UTF-8"?>
<CONFIG>
  <ProjectOptions>
    <Version Value="12"/>
    <General>
      <Flags>
        <CompatibilityMode Value="True"/>
      </Flags>
      <SessionStorage Value="InProjectDir"/>
      <Title Value="commandoo"/>
      <Scaled Value="True"/>
      <ResourceType Value="res"/>
      <UseXPManifest Value="True"/>
      <Icon Value="0"/>
      <Resources Count="20">
        <Resource_0 FileName="DB.sqlite" Type="RCDATA" ResourceName="DB"/>
        <Resource_1 FileName="DBCmd.data" Type="RCDATA" ResourceName="DBCMD"/>
        <Resource_2 FileName="DBCmdLine.data" Type="RCDATA" ResourceName="DBCMDLINE"/>
        <Resource_3 FileName="DBMisc.data" Type="RCDATA" ResourceName="DBMISC"/>
        <Resource_4 FileName="languages/commandoo.en.po" Type="RCDATA" ResourceName="PO.EN"/>
        <Resource_5 FileName="languages/commandoo.pyrxxx.po" Type="RCDATA" ResourceName="PO.PYRXXX"/>
        <Resource_6 FileName="searches/DB:_CmdLines_NotTerminalOnly" Type="RCDATA" ResourceName="SEARCH.1"/>
        <Resource_7 FileName="searches/DB:_Commands_for_copy.move.rename.delete_files" Type="RCDATA" ResourceName="SEARCH.2"/>
        <Resource_8 FileName="searches/DB:_Gimp_Example" Type="RCDATA" ResourceName="SEARCH.3"/>
        <Resource_9 FileName="searches/DB_KEY:_Encryption" Type="RCDATA" ResourceName="SEARCH.4"/>
        <Resource_10 FileName="searches/DB_KEY:_SysAdmin" Type="RCDATA" ResourceName="SEARCH.5"/>
        <Resource_11 FileName="searches/DB_KEY:_System_Info" Type="RCDATA" ResourceName="SEARCH.6"/>
        <Resource_12 FileName="searches/DB:_Require_ROOT" Type="RCDATA" ResourceName="SEARCH.7"/>
        <Resource_13 FileName="searches/DB:_Serious_Threatlevels" Type="RCDATA" ResourceName="SEARCH.8"/>
        <Resource_14 FileName="searches/DB:_Serious_Threatlevels_2" Type="RCDATA" ResourceName="SEARCH.9"/>
        <Resource_15 FileName="searches/DB:_Unassigned_Threatlevels" Type="RCDATA" ResourceName="SEARCH.0"/>
        <Resource_16 FileName="searches/.CurrKWSearch{6719E184-7C35-4D81-B5BF-16D4BF36ECC8}" Type="RCDATA" ResourceName="DOTSEARCH1"/>
        <Resource_17 FileName="searches/.CurrKWSearch{88732DB1-398D-4281-B36F-9A17810FFC32}" Type="RCDATA" ResourceName="DOTSEARCH2"/>
        <Resource_18 FileName="searches/.CurrSearch{6719E184-7C35-4D81-B5BF-16D4BF36ECC8}" Type="RCDATA" ResourceName="DOTSEARCH3"/>
        <Resource_19 FileName="searches/.CurrSearch{88732DB1-398D-4281-B36F-9A17810FFC32}" Type="RCDATA" ResourceName="DOTSEARCH4"/>
      </Resources>
    </General>
    <i18n>
      <EnableI18N LFM="False"/>
      <OutDir Value="po_files"/>
    </i18n>
    <VersionInfo>
      <UseVersionInfo Value="True"/>
      <MajorVersionNr Value="2"/>
      <RevisionNr Value="1"/>
      <StringTable Comments="Whee!" CompanyName="timepirate.org" LegalCopyright="2020 Julius H. L. Schön / R. M. Spicer" ProductName="commandoo"/>
    </VersionInfo>
    <MacroValues Count="1">
      <Macro3 Name="LCLWidgetType" Value="qt5"/>
    </MacroValues>
    <BuildModes Count="6">
      <Item1 Name="DebugQT" Default="True"/>
      <Item2 Name="HeapMEMQT">
        <MacroValues Count="1">
          <Macro3 Name="LCLWidgetType" Value="qt5"/>
        </MacroValues>
        <CompilerOptions>
          <Version Value="11"/>
          <Target>
            <Filename Value="commandoo"/>
          </Target>
          <SearchPaths>
            <IncludeFiles Value="$(ProjOutDir)"/>
            <UnitOutputDirectory Value="lib/$(TargetCPU)-$(TargetOS)"/>
          </SearchPaths>
          <Parsing>
            <SyntaxOptions>
              <AllowLabel Value="False"/>
            </SyntaxOptions>
          </Parsing>
          <CodeGeneration>
            <Checks>
              <IOChecks Value="True"/>
              <RangeChecks Value="True"/>
              <OverflowChecks Value="True"/>
              <StackChecks Value="True"/>
            </Checks>
            <Optimizations>
              <OptimizationLevel Value="0"/>
            </Optimizations>
          </CodeGeneration>
          <Linking>
            <Debugging>
              <UseHeaptrc Value="True"/>
            </Debugging>
          </Linking>
          <Other>
            <CustomOptions Value="-FcUTF8
-dheapdebug
-dWidgQT
-dDisableChecks"/>
            <OtherDefines Count="4">
              <Define0 Value="Release"/>
              <Define1 Value="heapdebug"/>
              <Define2 Value="WidgQT"/>
              <Define3 Value="DisableChecks"/>
            </OtherDefines>
          </Other>
        </CompilerOptions>
      </Item2>
      <Item3 Name="Comm64qt">
        <MacroValues Count="1">
          <Macro3 Name="LCLWidgetType" Value="qt5"/>
        </MacroValues>
        <CompilerOptions>
          <Version Value="11"/>
          <Target>
            <Filename Value="commandooQT"/>
          </Target>
          <SearchPaths>
            <IncludeFiles Value="$(ProjOutDir)"/>
            <UnitOutputDirectory Value="lib/$(TargetCPU)-$(TargetOS)"/>
          </SearchPaths>
          <Parsing>
            <SyntaxOptions>
              <AllowLabel Value="False"/>
            </SyntaxOptions>
          </Parsing>
          <CodeGeneration>
            <Optimizations>
              <OptimizationLevel Value="2"/>
            </Optimizations>
          </CodeGeneration>
          <Linking>
            <Debugging>
              <GenerateDebugInfo Value="False"/>
            </Debugging>
            <LinkSmart Value="True"/>
          </Linking>
          <Other>
            <CustomOptions Value="-dRelease
-dWidgQT
-dDisableChecks
-dplatAppImage"/>
            <OtherDefines Count="4">
              <Define0 Value="Release"/>
              <Define1 Value="WidgQT"/>
              <Define2 Value="DisableChecks"/>
              <Define3 Value="platAppImage"/>
            </OtherDefines>
          </Other>
        </CompilerOptions>
      </Item3>
      <Item4 Name="DebugGTK">
        <MacroValues Count="1">
          <Macro1 Name="LCLWidgetType" Value="gtk2"/>
        </MacroValues>
        <CompilerOptions>
          <Version Value="11"/>
          <Target>
            <Filename Value="commandoo"/>
          </Target>
          <SearchPaths>
            <IncludeFiles Value="$(ProjOutDir)"/>
            <UnitOutputDirectory Value="lib/$(TargetCPU)-$(TargetOS)"/>
          </SearchPaths>
          <Parsing>
            <SyntaxOptions>
              <AllowLabel Value="False"/>
            </SyntaxOptions>
          </Parsing>
          <CodeGeneration>
            <Checks>
              <IOChecks Value="True"/>
              <RangeChecks Value="True"/>
              <OverflowChecks Value="True"/>
              <StackChecks Value="True"/>
            </Checks>
          </CodeGeneration>
          <Other>
            <CustomOptions Value="-FcUTF8
-dDisableChecks
-dWidgGTK"/>
            <OtherDefines Count="4">
              <Define0 Value="Release"/>
              <Define1 Value="WidgQT"/>
              <Define2 Value="DisableChecks"/>
              <Define3 Value="WidgGTK"/>
            </OtherDefines>
          </Other>
        </CompilerOptions>
      </Item4>
      <Item5 Name="HeapMEMGTK">
        <MacroValues Count="1">
          <Macro1 Name="LCLWidgetType" Value="gtk2"/>
        </MacroValues>
        <CompilerOptions>
          <Version Value="11"/>
          <Target>
            <Filename Value="commandoo"/>
          </Target>
          <SearchPaths>
            <IncludeFiles Value="$(ProjOutDir)"/>
            <UnitOutputDirectory Value="lib/$(TargetCPU)-$(TargetOS)"/>
          </SearchPaths>
          <Parsing>
            <SyntaxOptions>
              <AllowLabel Value="False"/>
            </SyntaxOptions>
          </Parsing>
          <CodeGeneration>
            <Checks>
              <IOChecks Value="True"/>
              <RangeChecks Value="True"/>
              <OverflowChecks Value="True"/>
              <StackChecks Value="True"/>
            </Checks>
            <Optimizations>
              <OptimizationLevel Value="0"/>
            </Optimizations>
          </CodeGeneration>
          <Linking>
            <Debugging>
              <UseHeaptrc Value="True"/>
            </Debugging>
          </Linking>
          <Other>
            <CustomOptions Value="-FcUTF8
-dheapdebug
-dWidgGTK
-dDisableChecks"/>
            <OtherDefines Count="4">
              <Define0 Value="Release"/>
              <Define1 Value="heapdebug"/>
              <Define2 Value="WidgGTK"/>
              <Define3 Value="DisableChecks"/>
            </OtherDefines>
          </Other>
        </CompilerOptions>
      </Item5>
      <Item6 Name="Comm64GTK">
        <MacroValues Count="1">
          <Macro1 Name="LCLWidgetType" Value="gtk2"/>
        </MacroValues>
        <CompilerOptions>
          <Version Value="11"/>
          <Target>
            <Filename Value="commandoo64GTK"/>
          </Target>
          <SearchPaths>
            <IncludeFiles Value="$(ProjOutDir)"/>
            <UnitOutputDirectory Value="lib/$(TargetCPU)-$(TargetOS)"/>
          </SearchPaths>
          <Parsing>
            <SyntaxOptions>
              <AllowLabel Value="False"/>
            </SyntaxOptions>
          </Parsing>
          <CodeGeneration>
            <Optimizations>
              <OptimizationLevel Value="2"/>
            </Optimizations>
          </CodeGeneration>
          <Linking>
            <Debugging>
              <GenerateDebugInfo Value="False"/>
            </Debugging>
            <LinkSmart Value="True"/>
          </Linking>
          <Other>
            <CustomOptions Value="-FcUTF8
-dRelease
-dDisableChecks
-dWidgGTK"/>
            <OtherDefines Count="4">
              <Define0 Value="Release"/>
              <Define1 Value="WidgQT"/>
              <Define2 Value="DisableChecks"/>
              <Define3 Value="WidgGTK"/>
            </OtherDefines>
          </Other>
        </CompilerOptions>
      </Item6>
      <SharedMatrixOptions Count="4">
        <Item1 ID="235737224948" Modes="HeapMEMGTK,Comm64GTK,DebugGTK" Type="IDEMacro" MacroName="LCLWidgetType" Value="gtk2"/>
        <Item2 ID="442262586579" Type="IDEMacro" MacroName="LCLWidgetType" Value="qt"/>
        <Item3 ID="836757244194" Modes="Comm64qt,DebugQT,HeapMEMQT" Type="IDEMacro" MacroName="LCLWidgetType" Value="qt5"/>
        <Item4 ID="409601829338" Type="IDEMacro" MacroName="LCLWidgetType" Value="gtk3"/>
      </SharedMatrixOptions>
    </BuildModes>
    <PublishOptions>
      <Version Value="2"/>
    </PublishOptions>
    <RunParams>
      <FormatVersion Value="2"/>
      <Modes Count="1">
        <Mode0 Name="default"/>
      </Modes>
    </RunParams>
    <RequiredPackages Count="7">
      <Item1>
        <PackageName Value="SynEdit"/>
      </Item1>
      <Item2>
        <PackageName Value="LazControls"/>
      </Item2>
      <Item3>
        <PackageName Value="SDFLaz"/>
      </Item3>
      <Item4>
        <PackageName Value="MemDSLaz"/>
      </Item4>
      <Item5>
        <PackageName Value="FCL"/>
      </Item5>
      <Item6>
        <PackageName Value="SQLDBLaz"/>
      </Item6>
      <Item7>
        <PackageName Value="LCL"/>
      </Item7>
    </RequiredPackages>
    <Units Count="46">
      <Unit0>
        <Filename Value="commandoo.lpr"/>
        <IsPartOfProject Value="True"/>
      </Unit0>
      <Unit1>
        <Filename Value="ufrmmain.pp"/>
        <IsPartOfProject Value="True"/>
        <ComponentName Value="frmMain"/>
        <HasResources Value="True"/>
        <ResourceBaseClass Value="Form"/>
        <UnitName Value="ufrmMain"/>
      </Unit1>
      <Unit2>
        <Filename Value="ufrmmsgdlg.pp"/>
        <IsPartOfProject Value="True"/>
        <ComponentName Value="frmMsgDlg"/>
        <HasResources Value="True"/>
        <ResourceBaseClass Value="Form"/>
        <UnitName Value="ufrmMsgdlg"/>
      </Unit2>
      <Unit3>
        <Filename Value="unitsharedobj.pp"/>
        <IsPartOfProject Value="True"/>
      </Unit3>
      <Unit4>
        <Filename Value="juusgen.pp"/>
        <IsPartOfProject Value="True"/>
      </Unit4>
      <Unit5>
        <Filename Value="strconst_prog.pp"/>
        <IsPartOfProject Value="True"/>
      </Unit5>
      <Unit6>
        <Filename Value="strconst_en.pp"/>
        <IsPartOfProject Value="True"/>
      </Unit6>
      <Unit7>
        <Filename Value="jinifiles.pp"/>
        <IsPartOfProject Value="True"/>
        <UnitName Value="JiniFiles"/>
      </Unit7>
      <Unit8>
        <Filename Value="ufrmabout.pp"/>
        <IsPartOfProject Value="True"/>
        <ComponentName Value="frmAbout"/>
        <HasResources Value="True"/>
        <ResourceBaseClass Value="Form"/>
        <UnitName Value="ufrmAbout"/>
      </Unit8>
      <Unit9>
        <Filename Value="ufrmnolanguage.pp"/>
        <IsPartOfProject Value="True"/>
        <ComponentName Value="frmNoLanguage"/>
        <HasResources Value="True"/>
        <ResourceBaseClass Value="Form"/>
      </Unit9>
      <Unit10>
        <Filename Value="unitlanguages.pp"/>
        <IsPartOfProject Value="True"/>
        <UnitName Value="unitLanguages"/>
      </Unit10>
      <Unit11>
        <Filename Value="ufrmaddlanguage.pp"/>
        <IsPartOfProject Value="True"/>
        <ComponentName Value="frmAddLanguage"/>
        <HasResources Value="True"/>
        <ResourceBaseClass Value="Form"/>
      </Unit11>
      <Unit12>
        <Filename Value="hintframe.pp"/>
        <IsPartOfProject Value="True"/>
        <ComponentName Value="FrameHint"/>
        <HasResources Value="True"/>
        <ResourceBaseClass Value="Frame"/>
        <UnitName Value="HintFrame"/>
      </Unit12>
      <Unit13>
        <Filename Value="unitcommands.pp"/>
        <IsPartOfProject Value="True"/>
      </Unit13>
      <Unit14>
        <Filename Value="usingleinput.pp"/>
        <IsPartOfProject Value="True"/>
        <ComponentName Value="frmSingleInput"/>
        <HasResources Value="True"/>
        <ResourceBaseClass Value="Form"/>
        <UnitName Value="uSingleInput"/>
      </Unit14>
      <Unit15>
        <Filename Value="ufrmprofiles.pp"/>
        <IsPartOfProject Value="True"/>
        <ComponentName Value="frmProfiles"/>
        <HasResources Value="True"/>
        <ResourceBaseClass Value="Form"/>
        <UnitName Value="ufrmProfiles"/>
      </Unit15>
      <Unit16>
        <Filename Value="unitglobform.pp"/>
        <IsPartOfProject Value="True"/>
        <UnitName Value="unitGlobForm"/>
      </Unit16>
      <Unit17>
        <Filename Value="ufrmlistmanagerconsolidate.pp"/>
        <IsPartOfProject Value="True"/>
        <ComponentName Value="frmListManagerConsolidate"/>
        <HasResources Value="True"/>
        <ResourceBaseClass Value="Form"/>
        <UnitName Value="ufrmListManagerConsolidate"/>
      </Unit17>
      <Unit18>
        <Filename Value="ufrmcmdlineedit.pp"/>
        <IsPartOfProject Value="True"/>
        <ComponentName Value="frmCmdLineEdit"/>
        <HasResources Value="True"/>
        <ResourceBaseClass Value="Form"/>
      </Unit18>
      <Unit19>
        <Filename Value="linuxtrix.pp"/>
        <IsPartOfProject Value="True"/>
      </Unit19>
      <Unit20>
        <Filename Value="unitfrmcommandsinput.pp"/>
        <IsPartOfProject Value="True"/>
        <ComponentName Value="frmCommandsInput"/>
        <HasResources Value="True"/>
        <ResourceBaseClass Value="Form"/>
      </Unit20>
      <Unit21>
        <Filename Value="unitfrmcommandsvar.pp"/>
        <IsPartOfProject Value="True"/>
        <ComponentName Value="frmCommandsVar"/>
        <HasResources Value="True"/>
        <ResourceBaseClass Value="Form"/>
        <UnitName Value="unitfrmCommandsVar"/>
      </Unit21>
      <Unit22>
        <Filename Value="unitfields.pp"/>
        <IsPartOfProject Value="True"/>
      </Unit22>
      <Unit23>
        <Filename Value="ufrmfindtext.pp"/>
        <IsPartOfProject Value="True"/>
        <ComponentName Value="frmFindText"/>
        <HasResources Value="True"/>
        <ResourceBaseClass Value="Form"/>
      </Unit23>
      <Unit24>
        <Filename Value="unitdbutils.pp"/>
        <IsPartOfProject Value="True"/>
        <UnitName Value="unitDBUtils"/>
      </Unit24>
      <Unit25>
        <Filename Value="ufrmlistmanager.pp"/>
        <IsPartOfProject Value="True"/>
        <ComponentName Value="frmListManager"/>
        <HasResources Value="True"/>
        <ResourceBaseClass Value="Form"/>
        <UnitName Value="ufrmListManager"/>
      </Unit25>
      <Unit26>
        <Filename Value="ufrmmanageprofile.pp"/>
        <IsPartOfProject Value="True"/>
        <ComponentName Value="frmManageProfile"/>
        <HasResources Value="True"/>
        <ResourceBaseClass Value="Form"/>
        <UnitName Value="ufrmManageProfile"/>
      </Unit26>
      <Unit27>
        <Filename Value="unitdbstructure.pp"/>
        <IsPartOfProject Value="True"/>
        <UnitName Value="unitDBStructure"/>
      </Unit27>
      <Unit28>
        <Filename Value="unitsearch.pp"/>
        <IsPartOfProject Value="True"/>
        <UnitName Value="unitSearch"/>
      </Unit28>
      <Unit29>
        <Filename Value="ufrmsearch.pp"/>
        <IsPartOfProject Value="True"/>
        <ComponentName Value="frmSearch"/>
        <HasResources Value="True"/>
        <ResourceBaseClass Value="Form"/>
        <UnitName Value="ufrmSearch"/>
      </Unit29>
      <Unit30>
        <Filename Value="ufrmboolexpr.pp"/>
        <IsPartOfProject Value="True"/>
        <ComponentName Value="frmBoolExpr"/>
        <HasResources Value="True"/>
        <ResourceBaseClass Value="Form"/>
        <UnitName Value="ufrmBoolExpr"/>
      </Unit30>
      <Unit31>
        <Filename Value="ufrm_search_operator.pp"/>
        <IsPartOfProject Value="True"/>
        <ComponentName Value="frm_Search_Operator"/>
        <HasResources Value="True"/>
        <ResourceBaseClass Value="Form"/>
      </Unit31>
      <Unit32>
        <Filename Value="ufrm_search_double.pp"/>
        <IsPartOfProject Value="True"/>
        <ComponentName Value="frm_Search_double"/>
        <HasResources Value="True"/>
        <ResourceBaseClass Value="Form"/>
      </Unit32>
      <Unit33>
        <Filename Value="ufrmsuperuserfile.pp"/>
        <IsPartOfProject Value="True"/>
        <ComponentName Value="frmSuperUserFile"/>
        <HasResources Value="True"/>
        <ResourceBaseClass Value="Form"/>
        <UnitName Value="ufrmSuperUserFile"/>
      </Unit33>
      <Unit34>
        <Filename Value="ufrm_search_list.pp"/>
        <IsPartOfProject Value="True"/>
        <ComponentName Value="frm_Search_List"/>
        <HasResources Value="True"/>
        <ResourceBaseClass Value="Form"/>
      </Unit34>
      <Unit35>
        <Filename Value="ufrm_search_text.pp"/>
        <IsPartOfProject Value="True"/>
        <ComponentName Value="frm_Search_Text"/>
        <HasResources Value="True"/>
        <ResourceBaseClass Value="Form"/>
      </Unit35>
      <Unit36>
        <Filename Value="ufrm_search_string.pp"/>
        <IsPartOfProject Value="True"/>
        <ComponentName Value="frm_Search_String"/>
        <HasResources Value="True"/>
        <ResourceBaseClass Value="Form"/>
      </Unit36>
      <Unit37>
        <Filename Value="ufrm_search_bool.pp"/>
        <IsPartOfProject Value="True"/>
        <ComponentName Value="frm_Search_Bool"/>
        <HasResources Value="True"/>
        <ResourceBaseClass Value="Form"/>
      </Unit37>
      <Unit38>
        <Filename Value="ufrm_search_enum.pp"/>
        <IsPartOfProject Value="True"/>
        <ComponentName Value="frm_Search_Enum"/>
        <HasResources Value="True"/>
        <ResourceBaseClass Value="Form"/>
      </Unit38>
      <Unit39>
        <Filename Value="ufrm_search_integer.pp"/>
        <IsPartOfProject Value="True"/>
        <ComponentName Value="frm_Search_Integer"/>
        <HasResources Value="True"/>
        <ResourceBaseClass Value="Form"/>
      </Unit39>
      <Unit40>
        <Filename Value="ufrmfind.pp"/>
        <IsPartOfProject Value="True"/>
        <ComponentName Value="frmFind"/>
        <HasResources Value="True"/>
        <ResourceBaseClass Value="Form"/>
        <UnitName Value="ufrmFind"/>
      </Unit40>
      <Unit41>
        <Filename Value="unitdbconstants.pp"/>
        <IsPartOfProject Value="True"/>
        <UnitName Value="unitDBConstants"/>
      </Unit41>
      <Unit42>
        <Filename Value="ufrmprofilesmerge.pp"/>
        <IsPartOfProject Value="True"/>
        <ComponentName Value="frmProfilesMerge"/>
        <HasResources Value="True"/>
        <ResourceBaseClass Value="Form"/>
      </Unit42>
      <Unit43>
        <Filename Value="unitglob.pp"/>
        <IsPartOfProject Value="True"/>
      </Unit43>
      <Unit44>
        <Filename Value="ufrmoptions.pp"/>
        <IsPartOfProject Value="True"/>
        <ComponentName Value="frmOptions"/>
        <HasResources Value="True"/>
        <ResourceBaseClass Value="Form"/>
        <UnitName Value="ufrmOptions"/>
      </Unit44>
      <Unit45>
        <Filename Value="ufrmsimplesearch.pp"/>
        <IsPartOfProject Value="True"/>
        <ComponentName Value="frmSimpleSearch"/>
        <HasResources Value="True"/>
        <ResourceBaseClass Value="Form"/>
        <UnitName Value="ufrmSimpleSearch"/>
      </Unit45>
    </Units>
  </ProjectOptions>
  <CompilerOptions>
    <Version Value="11"/>
    <Target>
      <Filename Value="commandoo"/>
    </Target>
    <SearchPaths>
      <IncludeFiles Value="$(ProjOutDir)"/>
      <UnitOutputDirectory Value="lib/$(TargetCPU)-$(TargetOS)"/>
    </SearchPaths>
    <Parsing>
      <SyntaxOptions>
        <AllowLabel Value="False"/>
      </SyntaxOptions>
    </Parsing>
    <CodeGeneration>
      <Checks>
        <IOChecks Value="True"/>
        <RangeChecks Value="True"/>
        <OverflowChecks Value="True"/>
        <StackChecks Value="True"/>
      </Checks>
      <Optimizations>
        <OptimizationLevel Value="0"/>
      </Optimizations>
    </CodeGeneration>
    <Other>
      <CompilerMessages>
        <IgnoredMessages idx5024="True"/>
      </CompilerMessages>
      <CustomOptions Value="-dWidgQT
-dDisableChecks
-dplatAppImage"/>
      <OtherDefines Count="5">
        <Define0 Value="Release"/>
        <Define1 Value="WidgQT"/>
        <Define2 Value="DisableChecks"/>
        <Define3 Value="WidgGTK"/>
        <Define4 Value="platAppImage"/>
      </OtherDefines>
    </Other>
  </CompilerOptions>
  <Debugging>
    <Exceptions Count="3">
      <Item1>
        <Name Value="EAbort"/>
      </Item1>
      <Item2>
        <Name Value="ECodetoolError"/>
      </Item2>
      <Item3>
        <Name Value="EFOpenError"/>
      </Item3>
    </Exceptions>
  </Debugging>
</CONFIG>
